# THIS IS AN AUTOGENERATED FILE. DO NOT EDIT THIS FILE DIRECTLY.
# yarn lockfile v1


"@playwright/test@1.64.0":
  version "1.64.0"
  resolved "https://registry.yarnpkg.com/@playwright/test/-/test-1.64.0.tgz#af51c4f1dd5f689b2ff16e6eacf27ac00843f239"
  integrity sha512-oTN9FNYuN6bqQMwiho6jJKLCG2/QOYCixGXuCjRmzOq23eODeukuY2XiAVoVpAECbuezMt1MHQjAiQxK8F+Y+g==
  dependencies:
    playwright "1.64.0"

"@types/node@^22.0.0":
  version "22.20.5"
  resolved "https://registry.yarnpkg.com/@types/node/-/node-22.20.5.tgz#afa7bde6da81b8b83ea4e2f020487e9b148c11fd"
  integrity sha512-U2+DNr+wSjpsTS/wZGYHq7GcwfuSmKiKvoPvK22zwTlRhU91yOniN4qRR5KhIjvif7ysw/dz/hKmfDH0Ris4aA==
  dependencies:
    undici-types "~6.21.0"

playwright-core@1.64.0:
  version "1.64.0"
  resolved "https://registry.yarnpkg.com/playwright-core/-/playwright-core-1.64.0.tgz#a765f91dabd2b2cadd67e87439842c1d6c72c652"
  integrity sha512-T9r+MZkTECl2+oUcZ26YgZzTrYidTsIhYYkJix+6iDOymOb1FB2RLLSOxRGnZGv5DStt+aduIVbt+E8WygXYpg==

playwright@1.64.0:
  version "1.64.0"
  resolved "https://registry.yarnpkg.com/playwright/-/playwright-1.64.0.tgz#c105a3ffe174d487a5927a6836a79778b1180742"
  integrity sha512-kVzTnYFYEyQ9RGzBjNCd2+yEqWmVbxl3AHPynv3qQ6JTjv4a+kwRcnqQwIpuP3NnrnIrE/Q6wWAIAvMfIE2/Yg==
  dependencies:
    playwright-core "1.64.0"

undici-types@~6.21.0:
  version "6.21.0"
  resolved "https://registry.yarnpkg.com/undici-types/-/undici-types-6.21.0.tgz#691d00af3909be93a7faa13be61b3a5b50ef12cb"
  integrity sha512-iwDZqg0QAGrg9Rav5H4n0M64c3mkR59cJ6wQp+7C4nI0gsmExaedaYLNO44eT4AtBBwjbTiGPMlt2Md0T9H9JQ==
